
Microsoft Visual Studio Solution File, Format Version 12.00
# Visual Studio Version 17
VisualStudioVersion = 17.11.35222.181
MinimumVisualStudioVersion = 10.0.40219.1
Project("{FAE04EC0-301F-11D3-BF4B-00C04F79EFBC}") = "lucasgostoso", "lucasgostoso\lucasgostoso.csproj", "{ABEC103E-9BA4-4376-9299-98921B02836A}"
EndProject
Global
	GlobalSection(SolutionConfigurationPlatforms) = preSolution
		Debug|Any CPU = Debug|Any CPU
		Release|Any CPU = Release|Any CPU
	EndGlobalSection
	GlobalSection(ProjectConfigurationPlatforms) = postSolution
		{ABEC103E-9BA4-4376-9299-98921B02836A}.Debug|Any CPU.ActiveCfg = Debug|Any CPU
		{ABEC103E-9BA4-4376-9299-98921B02836A}.Debug|Any CPU.Build.0 = Debug|Any CPU
		{ABEC103E-9BA4-4376-9299-98921B02836A}.Release|Any CPU.ActiveCfg = Release|Any CPU
		{ABEC103E-9BA4-4376-9299-98921B02836A}.Release|Any CPU.Build.0 = Release|Any CPU
	EndGlobalSection
	GlobalSection(SolutionProperties) = preSolution
		HideSolutionNode = FALSE
	EndGlobalSection
	GlobalSection(ExtensibilityGlobals) = postSolution
		SolutionGuid = {D9B4B561-EE6D-405D-AA94-E103FC0A0ADE}
	EndGlobalSection
EndGlobal
